
Microsoft Visual Studio Solution File, Format Version 12.00
# Visual Studio Version 17
VisualStudioVersion = 17.1.32407.343
MinimumVisualStudioVersion = 10.0.40219.1
Project("{9DDE0283-6925-4028-B097-2006F7C5C153}") = "FixMechThreatDelay", "Source\FixMechThreatDelay.csproj", "{5BF0787F-15A9-457E-BB75-8DB040083818}"
EndProject
Global
	GlobalSection(SolutionConfigurationPlatforms) = preSolution
		Debug|Any CPU = Debug|Any CPU
		Release|Any CPU = Release|Any CPU
	EndGlobalSection
	GlobalSection(ProjectConfigurationPlatforms) = postSolution
		{5BF0787F-15A9-457E-BB75-8DB040083818}.Debug|Any CPU.ActiveCfg = Debug|Any CPU
		{5BF0787F-15A9-457E-BB75-8DB040083818}.Debug|Any CPU.Build.0 = Debug|Any CPU
		{5BF0787F-15A9-457E-BB75-8DB040083818}.Release|Any CPU.ActiveCfg = Release|Any CPU
		{5BF0787F-15A9-457E-BB75-8DB040083818}.Release|Any CPU.Build.0 = Release|Any CPU
	EndGlobalSection
	GlobalSection(SolutionProperties) = preSolution
		HideSolutionNode = FALSE
	EndGlobalSection
	GlobalSection(ExtensibilityGlobals) = postSolution
		SolutionGuid = {D741CDF7-9E04-46EB-B5B4-0032276B6F98}
	EndGlobalSection
EndGlobal
